
Microsoft Visual Studio Solution File, Format Version 12.00
# Visual Studio Version 17
VisualStudioVersion = 17.14.36109.1 d17.14
MinimumVisualStudioVersion = 10.0.40219.1
Project("{FAE04EC0-301F-11D3-BF4B-00C04F79EFBC}") = "PustokProject", "PustokProject\PustokProject.csproj", "{ED627874-A916-4D1D-A4FC-EF3DA0FD7E5E}"
EndProject
Global
	GlobalSection(SolutionConfigurationPlatforms) = preSolution
		Debug|Any CPU = Debug|Any CPU
		Release|Any CPU = Release|Any CPU
	EndGlobalSection
	GlobalSection(ProjectConfigurationPlatforms) = postSolution
		{ED627874-A916-4D1D-A4FC-EF3DA0FD7E5E}.Debug|Any CPU.ActiveCfg = Debug|Any CPU
		{ED627874-A916-4D1D-A4FC-EF3DA0FD7E5E}.Debug|Any CPU.Build.0 = Debug|Any CPU
		{ED627874-A916-4D1D-A4FC-EF3DA0FD7E5E}.Release|Any CPU.ActiveCfg = Release|Any CPU
		{ED627874-A916-4D1D-A4FC-EF3DA0FD7E5E}.Release|Any CPU.Build.0 = Release|Any CPU
	EndGlobalSection
	GlobalSection(SolutionProperties) = preSolution
		HideSolutionNode = FALSE
	EndGlobalSection
	GlobalSection(ExtensibilityGlobals) = postSolution
		SolutionGuid = {1EFB9219-87CC-4379-90BE-CB26EAA15BC9}
	EndGlobalSection
EndGlobal
